
Microsoft Visual Studio Solution File, Format Version 12.00
# Visual Studio Version 16
VisualStudioVersion = 16.0.30717.126
MinimumVisualStudioVersion = 10.0.40219.1
Project("{FAE04EC0-301F-11D3-BF4B-00C04F79EFBC}") = "Training", "Training\Training.csproj", "{570B3193-0FCE-43B2-8706-97ABCB29A518}"
EndProject
Global
	GlobalSection(SolutionConfigurationPlatforms) = preSolution
		Debug|Any CPU = Debug|Any CPU
		Release|Any CPU = Release|Any CPU
	EndGlobalSection
	GlobalSection(ProjectConfigurationPlatforms) = postSolution
		{570B3193-0FCE-43B2-8706-97ABCB29A518}.Debug|Any CPU.ActiveCfg = Debug|Any CPU
		{570B3193-0FCE-43B2-8706-97ABCB29A518}.Debug|Any CPU.Build.0 = Debug|Any CPU
		{570B3193-0FCE-43B2-8706-97ABCB29A518}.Release|Any CPU.ActiveCfg = Release|Any CPU
		{570B3193-0FCE-43B2-8706-97ABCB29A518}.Release|Any CPU.Build.0 = Release|Any CPU
	EndGlobalSection
	GlobalSection(SolutionProperties) = preSolution
		HideSolutionNode = FALSE
	EndGlobalSection
	GlobalSection(ExtensibilityGlobals) = postSolution
		SolutionGuid = {11CE8621-AD17-48FD-B590-2426A797F304}
	EndGlobalSection
EndGlobal
